
Microsoft Visual Studio Solution File, Format Version 12.00
# Visual Studio Version 17
VisualStudioVersion = 17.5.33414.496
MinimumVisualStudioVersion = 10.0.40219.1
Project("{FAE04EC0-301F-11D3-BF4B-00C04F79EFBC}") = "MaintenanceProgram", "MaintenanceProgram\MaintenanceProgram.csproj", "{4519B739-3280-407C-B557-C646F8D98E55}"
EndProject
Global
	GlobalSection(SolutionConfigurationPlatforms) = preSolution
		Debug|Any CPU = Debug|Any CPU
		Release|Any CPU = Release|Any CPU
	EndGlobalSection
	GlobalSection(ProjectConfigurationPlatforms) = postSolution
		{4519B739-3280-407C-B557-C646F8D98E55}.Debug|Any CPU.ActiveCfg = Debug|Any CPU
		{4519B739-3280-407C-B557-C646F8D98E55}.Debug|Any CPU.Build.0 = Debug|Any CPU
		{4519B739-3280-407C-B557-C646F8D98E55}.Release|Any CPU.ActiveCfg = Release|Any CPU
		{4519B739-3280-407C-B557-C646F8D98E55}.Release|Any CPU.Build.0 = Release|Any CPU
	EndGlobalSection
	GlobalSection(SolutionProperties) = preSolution
		HideSolutionNode = FALSE
	EndGlobalSection
	GlobalSection(ExtensibilityGlobals) = postSolution
		SolutionGuid = {58426237-0378-45C1-B475-4A4B28D573ED}
	EndGlobalSection
EndGlobal
